
Microsoft Visual Studio Solution File, Format Version 12.00
# Visual Studio 15
VisualStudioVersion = 15.0.27004.2002
MinimumVisualStudioVersion = 10.0.40219.1
Project("{FAE04EC0-301F-11D3-BF4B-00C04F79EFBC}") = "MyPhotos", "MyPhotos\MyPhotos.csproj", "{C68CBF46-CC74-4CE1-A67C-F23FAC0B576B}"
EndProject
Project("{FAE04EC0-301F-11D3-BF4B-00C04F79EFBC}") = "myphotoAlbum", "myphotoAlbum\myphotoAlbum.csproj", "{FC7C67AC-8B3F-42E3-94D6-B6CA3B80256D}"
EndProject
Project("{FAE04EC0-301F-11D3-BF4B-00C04F79EFBC}") = "MyPhotoControls", "MyPhotoControls\MyPhotoControls.csproj", "{3EA8BDF6-DBC6-4F6B-B7D6-FE5CC683D3EE}"
EndProject
Global
	GlobalSection(SolutionConfigurationPlatforms) = preSolution
		Debug|Any CPU = Debug|Any CPU
		Release|Any CPU = Release|Any CPU
	EndGlobalSection
	GlobalSection(ProjectConfigurationPlatforms) = postSolution
		{C68CBF46-CC74-4CE1-A67C-F23FAC0B576B}.Debug|Any CPU.ActiveCfg = Debug|Any CPU
		{C68CBF46-CC74-4CE1-A67C-F23FAC0B576B}.Debug|Any CPU.Build.0 = Debug|Any CPU
		{C68CBF46-CC74-4CE1-A67C-F23FAC0B576B}.Release|Any CPU.ActiveCfg = Release|Any CPU
		{C68CBF46-CC74-4CE1-A67C-F23FAC0B576B}.Release|Any CPU.Build.0 = Release|Any CPU
		{FC7C67AC-8B3F-42E3-94D6-B6CA3B80256D}.Debug|Any CPU.ActiveCfg = Debug|Any CPU
		{FC7C67AC-8B3F-42E3-94D6-B6CA3B80256D}.Debug|Any CPU.Build.0 = Debug|Any CPU
		{FC7C67AC-8B3F-42E3-94D6-B6CA3B80256D}.Release|Any CPU.ActiveCfg = Release|Any CPU
		{FC7C67AC-8B3F-42E3-94D6-B6CA3B80256D}.Release|Any CPU.Build.0 = Release|Any CPU
		{3EA8BDF6-DBC6-4F6B-B7D6-FE5CC683D3EE}.Debug|Any CPU.ActiveCfg = Debug|Any CPU
		{3EA8BDF6-DBC6-4F6B-B7D6-FE5CC683D3EE}.Debug|Any CPU.Build.0 = Debug|Any CPU
		{3EA8BDF6-DBC6-4F6B-B7D6-FE5CC683D3EE}.Release|Any CPU.ActiveCfg = Release|Any CPU
		{3EA8BDF6-DBC6-4F6B-B7D6-FE5CC683D3EE}.Release|Any CPU.Build.0 = Release|Any CPU
	EndGlobalSection
	GlobalSection(SolutionProperties) = preSolution
		HideSolutionNode = FALSE
	EndGlobalSection
	GlobalSection(ExtensibilityGlobals) = postSolution
		SolutionGuid = {9FC104F5-B7D3-44AF-890F-E57B38D44D85}
	EndGlobalSection
EndGlobal
